
Microsoft Visual Studio Solution File, Format Version 12.00
# Visual Studio Version 16
VisualStudioVersion = 16.0.30717.126
MinimumVisualStudioVersion = 10.0.40219.1
Project("{9A19103F-16F7-4668-BE54-9A1E7A4F7556}") = "Agricathon2022", "EFCoreApp2021\Agricathon2022.csproj", "{ACB0EBDE-7406-4AC4-ACBF-25C9975FBB41}"
EndProject
Project("{FAE04EC0-301F-11D3-BF4B-00C04F79EFBC}") = "WebApplication", "WebApplication\WebApplication.csproj", "{D38F99A5-048B-4F15-9CE3-F431D03C65E6}"
EndProject
Global
	GlobalSection(SolutionConfigurationPlatforms) = preSolution
		Debug|Any CPU = Debug|Any CPU
		Release|Any CPU = Release|Any CPU
	EndGlobalSection
	GlobalSection(ProjectConfigurationPlatforms) = postSolution
		{ACB0EBDE-7406-4AC4-ACBF-25C9975FBB41}.Debug|Any CPU.ActiveCfg = Debug|Any CPU
		{ACB0EBDE-7406-4AC4-ACBF-25C9975FBB41}.Debug|Any CPU.Build.0 = Debug|Any CPU
		{ACB0EBDE-7406-4AC4-ACBF-25C9975FBB41}.Release|Any CPU.ActiveCfg = Release|Any CPU
		{ACB0EBDE-7406-4AC4-ACBF-25C9975FBB41}.Release|Any CPU.Build.0 = Release|Any CPU
		{D38F99A5-048B-4F15-9CE3-F431D03C65E6}.Debug|Any CPU.ActiveCfg = Debug|Any CPU
		{D38F99A5-048B-4F15-9CE3-F431D03C65E6}.Debug|Any CPU.Build.0 = Debug|Any CPU
		{D38F99A5-048B-4F15-9CE3-F431D03C65E6}.Release|Any CPU.ActiveCfg = Release|Any CPU
		{D38F99A5-048B-4F15-9CE3-F431D03C65E6}.Release|Any CPU.Build.0 = Release|Any CPU
	EndGlobalSection
	GlobalSection(SolutionProperties) = preSolution
		HideSolutionNode = FALSE
	EndGlobalSection
	GlobalSection(ExtensibilityGlobals) = postSolution
		SolutionGuid = {C604DE98-8A70-4FDE-B155-4CE249C4A42C}
	EndGlobalSection
EndGlobal
